
Microsoft Visual Studio Solution File, Format Version 12.00
# Visual Studio Version 16
VisualStudioVersion = 16.0.31005.135
MinimumVisualStudioVersion = 10.0.40219.1
Project("{2150E333-8FDC-42A3-9474-1A3956D46DE8}") = "ShopManagement", "ShopManagement", "{CF99B3FF-7072-4300-AD12-BDECC8383973}"
EndProject
Project("{2150E333-8FDC-42A3-9474-1A3956D46DE8}") = "SM.Domain", "SM.Domain", "{EB238DB3-254C-44E5-ACE6-EA9799070C97}"
EndProject
Project("{9A19103F-16F7-4668-BE54-9A1E7A4F7556}") = "ShopManagement.Domain", "ShopManagement.Domain\ShopManagement.Domain.csproj", "{5ABE7CEF-C95C-4A8D-8462-768D4773C8BB}"
EndProject
Project("{2150E333-8FDC-42A3-9474-1A3956D46DE8}") = "SM.Application", "SM.Application", "{8D2F175C-B796-45DF-B4CE-55A12ADD8A1B}"
EndProject
Project("{9A19103F-16F7-4668-BE54-9A1E7A4F7556}") = "ShopManagement.Application.Contract", "ShopManagement.Application.Contracts\ShopManagement.Application.Contract.csproj", "{438B44A5-4175-4DF0-959D-16469E6F7971}"
EndProject
Project("{9A19103F-16F7-4668-BE54-9A1E7A4F7556}") = "ShopManagement.Application", "ShopManagement.Application\ShopManagement.Application.csproj", "{6692860E-56DF-43C0-BBE9-725ECE6C3D86}"
EndProject
Project("{2150E333-8FDC-42A3-9474-1A3956D46DE8}") = "SM.Infrastructure", "SM.Infrastructure", "{23900B97-0EBA-4CC7-8214-399E337AB689}"
EndProject
Project("{9A19103F-16F7-4668-BE54-9A1E7A4F7556}") = "ShopManagement.Infrastructure.EFCore", "ShopManagement.Infrastructure.EFCore\ShopManagement.Infrastructure.EFCore.csproj", "{0E766928-5E6A-462F-B584-EA249A991302}"
EndProject
Project("{9A19103F-16F7-4668-BE54-9A1E7A4F7556}") = "0_Framework", "0_Framework\0_Framework.csproj", "{ADC7933D-D79D-4CD3-9FC1-30A2FCF06029}"
EndProject
Project("{9A19103F-16F7-4668-BE54-9A1E7A4F7556}") = "ShopManagement.Configuration", "ShopManagement.Configuration\ShopManagement.Configuration.csproj", "{4542C865-3459-4D5F-A43D-1CC6E06C2A57}"
EndProject
Project("{9A19103F-16F7-4668-BE54-9A1E7A4F7556}") = "ServiceHost", "ServiceHost\ServiceHost.csproj", "{27BA9DDD-C6E6-45B9-A63B-01E6DB3E3750}"
EndProject
Project("{9A19103F-16F7-4668-BE54-9A1E7A4F7556}") = "01_Query", "01_Query\01_Query.csproj", "{3CBA699F-D2C3-4FEA-A2B7-BA36881126D9}"
EndProject
Project("{2150E333-8FDC-42A3-9474-1A3956D46DE8}") = "DiscountManagement", "DiscountManagement", "{B8744B69-6F34-44DF-85C9-5D8FEBF6504D}"
EndProject
Project("{2150E333-8FDC-42A3-9474-1A3956D46DE8}") = "DM.Domain", "DM.Domain", "{785F1811-686F-45E2-B237-690F4F5BC654}"
EndProject
Project("{2150E333-8FDC-42A3-9474-1A3956D46DE8}") = "DM.Application", "DM.Application", "{6CD336DE-521C-4362-BF42-A635950B6A57}"
EndProject
Project("{2150E333-8FDC-42A3-9474-1A3956D46DE8}") = "DM.Infrastructure", "DM.Infrastructure", "{4BBC0867-0857-493D-9A65-6468E0BCC633}"
EndProject
Project("{9A19103F-16F7-4668-BE54-9A1E7A4F7556}") = "DiscountManagement.Domain", "DiscountManagement.Domain\DiscountManagement.Domain.csproj", "{AD68254F-A613-479A-998E-1475DB0AAB9D}"
EndProject
Project("{9A19103F-16F7-4668-BE54-9A1E7A4F7556}") = "DiscountManagement.Application.Contract", "DiscountManagement.Application.Contract\DiscountManagement.Application.Contract.csproj", "{7E5D5F6F-59F2-414E-9E59-13BA1A826309}"
EndProject
Project("{9A19103F-16F7-4668-BE54-9A1E7A4F7556}") = "DiscountManagement.Application", "DiscountManagement.Application\DiscountManagement.Application.csproj", "{E674F498-5857-44D8-9A53-5CAB24176CDD}"
EndProject
Project("{9A19103F-16F7-4668-BE54-9A1E7A4F7556}") = "DiscountManagement.Infrastructure.EFCore", "DiscountManagement.Infrastructure.EFCore\DiscountManagement.Infrastructure.EFCore.csproj", "{FA8E7A79-2F8E-45C9-A1A3-69135910CEAA}"
EndProject
Project("{9A19103F-16F7-4668-BE54-9A1E7A4F7556}") = "DiscountManagement.Configuration", "DiscountManagement.Configure\DiscountManagement.Configuration.csproj", "{04BCBB92-B81A-49CF-A7A0-DC54016EFCB0}"
EndProject
Project("{2150E333-8FDC-42A3-9474-1A3956D46DE8}") = "InventoryManagement", "InventoryManagement", "{C51ADAAE-47DD-4F18-A622-9FDC9BFD595D}"
EndProject
Project("{2150E333-8FDC-42A3-9474-1A3956D46DE8}") = "IM.Domain", "IM.Domain", "{C0DFDC27-5CE7-4E2B-8C34-9436F0AEA1B6}"
EndProject
Project("{2150E333-8FDC-42A3-9474-1A3956D46DE8}") = "IM.Application", "IM.Application", "{2D3E81DD-A4B0-49F8-B6FC-3638BC6D960A}"
EndProject
Project("{2150E333-8FDC-42A3-9474-1A3956D46DE8}") = "IM.Infrastructure", "IM.Infrastructure", "{E8CFA0FD-A5C3-4F5C-8BA4-DB090199D9E5}"
EndProject
Project("{9A19103F-16F7-4668-BE54-9A1E7A4F7556}") = "InventoryManagement.Application.Contract", "InventoryManagement.Application.Contract\InventoryManagement.Application.Contract.csproj", "{FB1AC1A6-1777-471F-A99B-2E0AC8030664}"
EndProject
Project("{9A19103F-16F7-4668-BE54-9A1E7A4F7556}") = "InventoryManagement.Application", "InventoryManagement.Application\InventoryManagement.Application.csproj", "{08E6E5E1-1600-4C8B-9166-7B2EB20DCE96}"
EndProject
Project("{9A19103F-16F7-4668-BE54-9A1E7A4F7556}") = "InventoryManagement.Infrastructure.EFCore", "InventoryManagement.Infrastructure.EFCore\InventoryManagement.Infrastructure.EFCore.csproj", "{322B1172-B272-4D9A-A174-8F3707370A44}"
EndProject
Project("{9A19103F-16F7-4668-BE54-9A1E7A4F7556}") = "InventoryManagement.Configuration", "InventoryManagement.Configuration\InventoryManagement.Configuration.csproj", "{60CF792C-77D8-4180-9CFE-738C32005490}"
EndProject
Project("{9A19103F-16F7-4668-BE54-9A1E7A4F7556}") = "InventoryManagement.Domain", "InventoryManagement.Domain\InventoryManagement.Domain.csproj", "{756DE996-0410-4120-AB6C-1E2ED67AF652}"
EndProject
Project("{2150E333-8FDC-42A3-9474-1A3956D46DE8}") = "CommentManagement", "CommentManagement", "{46D9D658-971D-41D0-AD7B-A066B55718E4}"
EndProject
Project("{2150E333-8FDC-42A3-9474-1A3956D46DE8}") = "CM.Domain", "CM.Domain", "{21FB0E07-B83A-4109-93B4-BD1996AC25E3}"
EndProject
Project("{2150E333-8FDC-42A3-9474-1A3956D46DE8}") = "CM.Application", "CM.Application", "{D0718E7B-3897-4E59-96B1-7EB63A948C67}"
EndProject
Project("{2150E333-8FDC-42A3-9474-1A3956D46DE8}") = "CM.Infrastructure", "CM.Infrastructure", "{3E22AD26-505B-4136-BDA9-3186EC883D46}"
EndProject
Project("{9A19103F-16F7-4668-BE54-9A1E7A4F7556}") = "Comment.Management.Domain", "Comment.Management.Domain\Comment.Management.Domain.csproj", "{A9D61386-E8B6-4986-AF55-0646F8BD4AFF}"
EndProject
Project("{9A19103F-16F7-4668-BE54-9A1E7A4F7556}") = "CommentManagement.Application.Contract", "CommentManagement.Application.Contract\CommentManagement.Application.Contract.csproj", "{F8B6CFCA-0096-4330-BCFF-91749A63C396}"
EndProject
Project("{9A19103F-16F7-4668-BE54-9A1E7A4F7556}") = "CommentManagement.Application", "CommentManagement.Application\CommentManagement.Application.csproj", "{4361CFF6-6409-41AC-957B-24DCB655E6CD}"
EndProject
Project("{9A19103F-16F7-4668-BE54-9A1E7A4F7556}") = "CommentManagement.Infrastructure.EFCore", "CommentManagement.Infrastructure.EFCore\CommentManagement.Infrastructure.EFCore.csproj", "{79141A84-20E6-4A95-9FB8-83436AE379EE}"
EndProject
Project("{9A19103F-16F7-4668-BE54-9A1E7A4F7556}") = "CommentManagement.Configuration", "CommentManagement.Configuration\CommentManagement.Configuration.csproj", "{4A49FE1F-9C43-4C33-87C0-4BC09A7A4A01}"
EndProject
Project("{2150E333-8FDC-42A3-9474-1A3956D46DE8}") = "BlogManagement", "BlogManagement", "{770F9DFD-7A2D-4572-A44A-0F2346E1D401}"
EndProject
Project("{2150E333-8FDC-42A3-9474-1A3956D46DE8}") = "BM.Domain", "BM.Domain", "{2F1837AD-CC9E-4656-AE3E-1F4FB06EB288}"
EndProject
Project("{2150E333-8FDC-42A3-9474-1A3956D46DE8}") = "BM.Application", "BM.Application", "{FA6D3C08-CF13-41AB-AA91-0C9EA818FC84}"
EndProject
Project("{2150E333-8FDC-42A3-9474-1A3956D46DE8}") = "BM.Infrastructure", "BM.Infrastructure", "{3EDC7261-0F63-4EB9-8FBF-142F5E5F07DB}"
EndProject
Project("{9A19103F-16F7-4668-BE54-9A1E7A4F7556}") = "BlogManagement.Domain", "BlogManagement.Domain\BlogManagement.Domain.csproj", "{DB2E4078-33BE-43D7-A461-E5270FA52BA8}"
EndProject
Project("{9A19103F-16F7-4668-BE54-9A1E7A4F7556}") = "BlogManagement.Application.Contract", "BlogManagement.Application.Contract\BlogManagement.Application.Contract.csproj", "{7B74CD9C-DDE9-41D4-A863-DBAD3F0C3FD0}"
EndProject
Project("{9A19103F-16F7-4668-BE54-9A1E7A4F7556}") = "BlogManagement.Application", "BlogManagement.Application\BlogManagement.Application.csproj", "{2127CDF1-65F1-4984-B943-49B321811289}"
EndProject
Project("{9A19103F-16F7-4668-BE54-9A1E7A4F7556}") = "BlogManagement.Infrastructure.EFCore", "BlogManagement.Infrastructure.EFCore\BlogManagement.Infrastructure.EFCore.csproj", "{EED4B408-0A80-4EE9-9A0E-9793C1219BC8}"
EndProject
Project("{9A19103F-16F7-4668-BE54-9A1E7A4F7556}") = "BlogManagement.Configuration", "BlogManagement.Configuration\BlogManagement.Configuration.csproj", "{4107523F-74F0-469A-B0B6-E0DFC6A2AF34}"
EndProject
Project("{2150E333-8FDC-42A3-9474-1A3956D46DE8}") = "AccountManagement", "AccountManagement", "{FFE580A7-3A39-4C29-A489-C623A2EF8CC6}"
EndProject
Project("{2150E333-8FDC-42A3-9474-1A3956D46DE8}") = "AM.Domain", "AM.Domain", "{020B3EDE-D02D-4F79-B568-1BF2AE704F8C}"
EndProject
Project("{2150E333-8FDC-42A3-9474-1A3956D46DE8}") = "AM.Application", "AM.Application", "{5BF5F606-8918-4FAD-8F9B-D5EB5AE5098F}"
EndProject
Project("{2150E333-8FDC-42A3-9474-1A3956D46DE8}") = "AM.Infrastructure", "AM.Infrastructure", "{B8F9B6BB-7588-442D-8491-EF748998481F}"
EndProject
Project("{9A19103F-16F7-4668-BE54-9A1E7A4F7556}") = "AccountManagement.Domain", "AccountManagement.Domain\AccountManagement.Domain.csproj", "{765A35E8-F56C-49BD-B8DD-B8AAE2838A5D}"
EndProject
Project("{9A19103F-16F7-4668-BE54-9A1E7A4F7556}") = "AccountManagement.Application.Contract", "AccountManagement.Application.Contract\AccountManagement.Application.Contract.csproj", "{16F09B58-9FD0-4238-BEC6-4DAA04AD31C0}"
EndProject
Project("{9A19103F-16F7-4668-BE54-9A1E7A4F7556}") = "AccountManagement.Application", "AccountManagement.Application\AccountManagement.Application.csproj", "{4645533C-37A4-454D-B705-BABD30325FEC}"
EndProject
Project("{9A19103F-16F7-4668-BE54-9A1E7A4F7556}") = "AccountManagement.Infrastructure.EFCore", "AccountManagement.Infrastructure.EFCore\AccountManagement.Infrastructure.EFCore.csproj", "{CBB36EE5-9693-4285-8CF4-6741306A745A}"
EndProject
Project("{9A19103F-16F7-4668-BE54-9A1E7A4F7556}") = "AccountManagement.Configuration", "AccountManagement.Configuration\AccountManagement.Configuration.csproj", "{C33FAC7F-1E3A-4314-9174-92D83479F6A7}"
EndProject
Project("{FAE04EC0-301F-11D3-BF4B-00C04F79EFBC}") = "ShopManagement.Infrastructure.InventoryAcl", "ShopManagement.Infrastructure.InventoryAcl\ShopManagement.Infrastructure.InventoryAcl.csproj", "{46EE9137-3AAF-49BA-9B59-F4951A7A63C4}"
EndProject
Global
	GlobalSection(SolutionConfigurationPlatforms) = preSolution
		Debug|Any CPU = Debug|Any CPU
		Release|Any CPU = Release|Any CPU
	EndGlobalSection
	GlobalSection(ProjectConfigurationPlatforms) = postSolution
		{5ABE7CEF-C95C-4A8D-8462-768D4773C8BB}.Debug|Any CPU.ActiveCfg = Debug|Any CPU
		{5ABE7CEF-C95C-4A8D-8462-768D4773C8BB}.Debug|Any CPU.Build.0 = Debug|Any CPU
		{5ABE7CEF-C95C-4A8D-8462-768D4773C8BB}.Release|Any CPU.ActiveCfg = Release|Any CPU
		{5ABE7CEF-C95C-4A8D-8462-768D4773C8BB}.Release|Any CPU.Build.0 = Release|Any CPU
		{438B44A5-4175-4DF0-959D-16469E6F7971}.Debug|Any CPU.ActiveCfg = Debug|Any CPU
		{438B44A5-4175-4DF0-959D-16469E6F7971}.Debug|Any CPU.Build.0 = Debug|Any CPU
		{438B44A5-4175-4DF0-959D-16469E6F7971}.Release|Any CPU.ActiveCfg = Release|Any CPU
		{438B44A5-4175-4DF0-959D-16469E6F7971}.Release|Any CPU.Build.0 = Release|Any CPU
		{6692860E-56DF-43C0-BBE9-725ECE6C3D86}.Debug|Any CPU.ActiveCfg = Debug|Any CPU
		{6692860E-56DF-43C0-BBE9-725ECE6C3D86}.Debug|Any CPU.Build.0 = Debug|Any CPU
		{6692860E-56DF-43C0-BBE9-725ECE6C3D86}.Release|Any CPU.ActiveCfg = Release|Any CPU
		{6692860E-56DF-43C0-BBE9-725ECE6C3D86}.Release|Any CPU.Build.0 = Release|Any CPU
		{0E766928-5E6A-462F-B584-EA249A991302}.Debug|Any CPU.ActiveCfg = Debug|Any CPU
		{0E766928-5E6A-462F-B584-EA249A991302}.Debug|Any CPU.Build.0 = Debug|Any CPU
		{0E766928-5E6A-462F-B584-EA249A991302}.Release|Any CPU.ActiveCfg = Release|Any CPU
		{0E766928-5E6A-462F-B584-EA249A991302}.Release|Any CPU.Build.0 = Release|Any CPU
		{ADC7933D-D79D-4CD3-9FC1-30A2FCF06029}.Debug|Any CPU.ActiveCfg = Debug|Any CPU
		{ADC7933D-D79D-4CD3-9FC1-30A2FCF06029}.Debug|Any CPU.Build.0 = Debug|Any CPU
		{ADC7933D-D79D-4CD3-9FC1-30A2FCF06029}.Release|Any CPU.ActiveCfg = Release|Any CPU
		{ADC7933D-D79D-4CD3-9FC1-30A2FCF06029}.Release|Any CPU.Build.0 = Release|Any CPU
		{4542C865-3459-4D5F-A43D-1CC6E06C2A57}.Debug|Any CPU.ActiveCfg = Debug|Any CPU
		{4542C865-3459-4D5F-A43D-1CC6E06C2A57}.Debug|Any CPU.Build.0 = Debug|Any CPU
		{4542C865-3459-4D5F-A43D-1CC6E06C2A57}.Release|Any CPU.ActiveCfg = Release|Any CPU
		{4542C865-3459-4D5F-A43D-1CC6E06C2A57}.Release|Any CPU.Build.0 = Release|Any CPU
		{27BA9DDD-C6E6-45B9-A63B-01E6DB3E3750}.Debug|Any CPU.ActiveCfg = Debug|Any CPU
		{27BA9DDD-C6E6-45B9-A63B-01E6DB3E3750}.Debug|Any CPU.Build.0 = Debug|Any CPU
		{27BA9DDD-C6E6-45B9-A63B-01E6DB3E3750}.Release|Any CPU.ActiveCfg = Release|Any CPU
		{27BA9DDD-C6E6-45B9-A63B-01E6DB3E3750}.Release|Any CPU.Build.0 = Release|Any CPU
		{3CBA699F-D2C3-4FEA-A2B7-BA36881126D9}.Debug|Any CPU.ActiveCfg = Debug|Any CPU
		{3CBA699F-D2C3-4FEA-A2B7-BA36881126D9}.Debug|Any CPU.Build.0 = Debug|Any CPU
		{3CBA699F-D2C3-4FEA-A2B7-BA36881126D9}.Release|Any CPU.ActiveCfg = Release|Any CPU
		{3CBA699F-D2C3-4FEA-A2B7-BA36881126D9}.Release|Any CPU.Build.0 = Release|Any CPU
		{AD68254F-A613-479A-998E-1475DB0AAB9D}.Debug|Any CPU.ActiveCfg = Debug|Any CPU
		{AD68254F-A613-479A-998E-1475DB0AAB9D}.Debug|Any CPU.Build.0 = Debug|Any CPU
		{AD68254F-A613-479A-998E-1475DB0AAB9D}.Release|Any CPU.ActiveCfg = Release|Any CPU
		{AD68254F-A613-479A-998E-1475DB0AAB9D}.Release|Any CPU.Build.0 = Release|Any CPU
		{7E5D5F6F-59F2-414E-9E59-13BA1A826309}.Debug|Any CPU.ActiveCfg = Debug|Any CPU
		{7E5D5F6F-59F2-414E-9E59-13BA1A826309}.Debug|Any CPU.Build.0 = Debug|Any CPU
		{7E5D5F6F-59F2-414E-9E59-13BA1A826309}.Release|Any CPU.ActiveCfg = Release|Any CPU
		{7E5D5F6F-59F2-414E-9E59-13BA1A826309}.Release|Any CPU.Build.0 = Release|Any CPU
		{E674F498-5857-44D8-9A53-5CAB24176CDD}.Debug|Any CPU.ActiveCfg = Debug|Any CPU
		{E674F498-5857-44D8-9A53-5CAB24176CDD}.Debug|Any CPU.Build.0 = Debug|Any CPU
		{E674F498-5857-44D8-9A53-5CAB24176CDD}.Release|Any CPU.ActiveCfg = Release|Any CPU
		{E674F498-5857-44D8-9A53-5CAB24176CDD}.Release|Any CPU.Build.0 = Release|Any CPU
		{FA8E7A79-2F8E-45C9-A1A3-69135910CEAA}.Debug|Any CPU.ActiveCfg = Debug|Any CPU
		{FA8E7A79-2F8E-45C9-A1A3-69135910CEAA}.Debug|Any CPU.Build.0 = Debug|Any CPU
		{FA8E7A79-2F8E-45C9-A1A3-69135910CEAA}.Release|Any CPU.ActiveCfg = Release|Any CPU
		{FA8E7A79-2F8E-45C9-A1A3-69135910CEAA}.Release|Any CPU.Build.0 = Release|Any CPU
		{04BCBB92-B81A-49CF-A7A0-DC54016EFCB0}.Debug|Any CPU.ActiveCfg = Debug|Any CPU
		{04BCBB92-B81A-49CF-A7A0-DC54016EFCB0}.Debug|Any CPU.Build.0 = Debug|Any CPU
		{04BCBB92-B81A-49CF-A7A0-DC54016EFCB0}.Release|Any CPU.ActiveCfg = Release|Any CPU
		{04BCBB92-B81A-49CF-A7A0-DC54016EFCB0}.Release|Any CPU.Build.0 = Release|Any CPU
		{FB1AC1A6-1777-471F-A99B-2E0AC8030664}.Debug|Any CPU.ActiveCfg = Debug|Any CPU
		{FB1AC1A6-1777-471F-A99B-2E0AC8030664}.Debug|Any CPU.Build.0 = Debug|Any CPU
		{FB1AC1A6-1777-471F-A99B-2E0AC8030664}.Release|Any CPU.ActiveCfg = Release|Any CPU
		{FB1AC1A6-1777-471F-A99B-2E0AC8030664}.Release|Any CPU.Build.0 = Release|Any CPU
		{08E6E5E1-1600-4C8B-9166-7B2EB20DCE96}.Debug|Any CPU.ActiveCfg = Debug|Any CPU
		{08E6E5E1-1600-4C8B-9166-7B2EB20DCE96}.Debug|Any CPU.Build.0 = Debug|Any CPU
		{08E6E5E1-1600-4C8B-9166-7B2EB20DCE96}.Release|Any CPU.ActiveCfg = Release|Any CPU
		{08E6E5E1-1600-4C8B-9166-7B2EB20DCE96}.Release|Any CPU.Build.0 = Release|Any CPU
		{322B1172-B272-4D9A-A174-8F3707370A44}.Debug|Any CPU.ActiveCfg = Debug|Any CPU
		{322B1172-B272-4D9A-A174-8F3707370A44}.Debug|Any CPU.Build.0 = Debug|Any CPU
		{322B1172-B272-4D9A-A174-8F3707370A44}.Release|Any CPU.ActiveCfg = Release|Any CPU
		{322B1172-B272-4D9A-A174-8F3707370A44}.Release|Any CPU.Build.0 = Release|Any CPU
		{60CF792C-77D8-4180-9CFE-738C32005490}.Debug|Any CPU.ActiveCfg = Debug|Any CPU
		{60CF792C-77D8-4180-9CFE-738C32005490}.Debug|Any CPU.Build.0 = Debug|Any CPU
		{60CF792C-77D8-4180-9CFE-738C32005490}.Release|Any CPU.ActiveCfg = Release|Any CPU
		{60CF792C-77D8-4180-9CFE-738C32005490}.Release|Any CPU.Build.0 = Release|Any CPU
		{756DE996-0410-4120-AB6C-1E2ED67AF652}.Debug|Any CPU.ActiveCfg = Debug|Any CPU
		{756DE996-0410-4120-AB6C-1E2ED67AF652}.Debug|Any CPU.Build.0 = Debug|Any CPU
		{756DE996-0410-4120-AB6C-1E2ED67AF652}.Release|Any CPU.ActiveCfg = Release|Any CPU
		{756DE996-0410-4120-AB6C-1E2ED67AF652}.Release|Any CPU.Build.0 = Release|Any CPU
		{A9D61386-E8B6-4986-AF55-0646F8BD4AFF}.Debug|Any CPU.ActiveCfg = Debug|Any CPU
		{A9D61386-E8B6-4986-AF55-0646F8BD4AFF}.Debug|Any CPU.Build.0 = Debug|Any CPU
		{A9D61386-E8B6-4986-AF55-0646F8BD4AFF}.Release|Any CPU.ActiveCfg = Release|Any CPU
		{A9D61386-E8B6-4986-AF55-0646F8BD4AFF}.Release|Any CPU.Build.0 = Release|Any CPU
		{F8B6CFCA-0096-4330-BCFF-91749A63C396}.Debug|Any CPU.ActiveCfg = Debug|Any CPU
		{F8B6CFCA-0096-4330-BCFF-91749A63C396}.Debug|Any CPU.Build.0 = Debug|Any CPU
		{F8B6CFCA-0096-4330-BCFF-91749A63C396}.Release|Any CPU.ActiveCfg = Release|Any CPU
		{F8B6CFCA-0096-4330-BCFF-91749A63C396}.Release|Any CPU.Build.0 = Release|Any CPU
		{4361CFF6-6409-41AC-957B-24DCB655E6CD}.Debug|Any CPU.ActiveCfg = Debug|Any CPU
		{4361CFF6-6409-41AC-957B-24DCB655E6CD}.Debug|Any CPU.Build.0 = Debug|Any CPU
		{4361CFF6-6409-41AC-957B-24DCB655E6CD}.Release|Any CPU.ActiveCfg = Release|Any CPU
		{4361CFF6-6409-41AC-957B-24DCB655E6CD}.Release|Any CPU.Build.0 = Release|Any CPU
		{79141A84-20E6-4A95-9FB8-83436AE379EE}.Debug|Any CPU.ActiveCfg = Debug|Any CPU
		{79141A84-20E6-4A95-9FB8-83436AE379EE}.Debug|Any CPU.Build.0 = Debug|Any CPU
		{79141A84-20E6-4A95-9FB8-83436AE379EE}.Release|Any CPU.ActiveCfg = Release|Any CPU
		{79141A84-20E6-4A95-9FB8-83436AE379EE}.Release|Any CPU.Build.0 = Release|Any CPU
		{4A49FE1F-9C43-4C33-87C0-4BC09A7A4A01}.Debug|Any CPU.ActiveCfg = Debug|Any CPU
		{4A49FE1F-9C43-4C33-87C0-4BC09A7A4A01}.Debug|Any CPU.Build.0 = Debug|Any CPU
		{4A49FE1F-9C43-4C33-87C0-4BC09A7A4A01}.Release|Any CPU.ActiveCfg = Release|Any CPU
		{4A49FE1F-9C43-4C33-87C0-4BC09A7A4A01}.Release|Any CPU.Build.0 = Release|Any CPU
		{DB2E4078-33BE-43D7-A461-E5270FA52BA8}.Debug|Any CPU.ActiveCfg = Debug|Any CPU
		{DB2E4078-33BE-43D7-A461-E5270FA52BA8}.Debug|Any CPU.Build.0 = Debug|Any CPU
		{DB2E4078-33BE-43D7-A461-E5270FA52BA8}.Release|Any CPU.ActiveCfg = Release|Any CPU
		{DB2E4078-33BE-43D7-A461-E5270FA52BA8}.Release|Any CPU.Build.0 = Release|Any CPU
		{7B74CD9C-DDE9-41D4-A863-DBAD3F0C3FD0}.Debug|Any CPU.ActiveCfg = Debug|Any CPU
		{7B74CD9C-DDE9-41D4-A863-DBAD3F0C3FD0}.Debug|Any CPU.Build.0 = Debug|Any CPU
		{7B74CD9C-DDE9-41D4-A863-DBAD3F0C3FD0}.Release|Any CPU.ActiveCfg = Release|Any CPU
		{7B74CD9C-DDE9-41D4-A863-DBAD3F0C3FD0}.Release|Any CPU.Build.0 = Release|Any CPU
		{2127CDF1-65F1-4984-B943-49B321811289}.Debug|Any CPU.ActiveCfg = Debug|Any CPU
		{2127CDF1-65F1-4984-B943-49B321811289}.Debug|Any CPU.Build.0 = Debug|Any CPU
		{2127CDF1-65F1-4984-B943-49B321811289}.Release|Any CPU.ActiveCfg = Release|Any CPU
		{2127CDF1-65F1-4984-B943-49B321811289}.Release|Any CPU.Build.0 = Release|Any CPU
		{EED4B408-0A80-4EE9-9A0E-9793C1219BC8}.Debug|Any CPU.ActiveCfg = Debug|Any CPU
		{EED4B408-0A80-4EE9-9A0E-9793C1219BC8}.Debug|Any CPU.Build.0 = Debug|Any CPU
		{EED4B408-0A80-4EE9-9A0E-9793C1219BC8}.Release|Any CPU.ActiveCfg = Release|Any CPU
		{EED4B408-0A80-4EE9-9A0E-9793C1219BC8}.Release|Any CPU.Build.0 = Release|Any CPU
		{4107523F-74F0-469A-B0B6-E0DFC6A2AF34}.Debug|Any CPU.ActiveCfg = Debug|Any CPU
		{4107523F-74F0-469A-B0B6-E0DFC6A2AF34}.Debug|Any CPU.Build.0 = Debug|Any CPU
		{4107523F-74F0-469A-B0B6-E0DFC6A2AF34}.Release|Any CPU.ActiveCfg = Release|Any CPU
		{4107523F-74F0-469A-B0B6-E0DFC6A2AF34}.Release|Any CPU.Build.0 = Release|Any CPU
		{765A35E8-F56C-49BD-B8DD-B8AAE2838A5D}.Debug|Any CPU.ActiveCfg = Debug|Any CPU
		{765A35E8-F56C-49BD-B8DD-B8AAE2838A5D}.Debug|Any CPU.Build.0 = Debug|Any CPU
		{765A35E8-F56C-49BD-B8DD-B8AAE2838A5D}.Release|Any CPU.ActiveCfg = Release|Any CPU
		{765A35E8-F56C-49BD-B8DD-B8AAE2838A5D}.Release|Any CPU.Build.0 = Release|Any CPU
		{16F09B58-9FD0-4238-BEC6-4DAA04AD31C0}.Debug|Any CPU.ActiveCfg = Debug|Any CPU
		{16F09B58-9FD0-4238-BEC6-4DAA04AD31C0}.Debug|Any CPU.Build.0 = Debug|Any CPU
		{16F09B58-9FD0-4238-BEC6-4DAA04AD31C0}.Release|Any CPU.ActiveCfg = Release|Any CPU
		{16F09B58-9FD0-4238-BEC6-4DAA04AD31C0}.Release|Any CPU.Build.0 = Release|Any CPU
		{4645533C-37A4-454D-B705-BABD30325FEC}.Debug|Any CPU.ActiveCfg = Debug|Any CPU
		{4645533C-37A4-454D-B705-BABD30325FEC}.Debug|Any CPU.Build.0 = Debug|Any CPU
		{4645533C-37A4-454D-B705-BABD30325FEC}.Release|Any CPU.ActiveCfg = Release|Any CPU
		{4645533C-37A4-454D-B705-BABD30325FEC}.Release|Any CPU.Build.0 = Release|Any CPU
		{CBB36EE5-9693-4285-8CF4-6741306A745A}.Debug|Any CPU.ActiveCfg = Debug|Any CPU
		{CBB36EE5-9693-4285-8CF4-6741306A745A}.Debug|Any CPU.Build.0 = Debug|Any CPU
		{CBB36EE5-9693-4285-8CF4-6741306A745A}.Release|Any CPU.ActiveCfg = Release|Any CPU
		{CBB36EE5-9693-4285-8CF4-6741306A745A}.Release|Any CPU.Build.0 = Release|Any CPU
		{C33FAC7F-1E3A-4314-9174-92D83479F6A7}.Debug|Any CPU.ActiveCfg = Debug|Any CPU
		{C33FAC7F-1E3A-4314-9174-92D83479F6A7}.Debug|Any CPU.Build.0 = Debug|Any CPU
		{C33FAC7F-1E3A-4314-9174-92D83479F6A7}.Release|Any CPU.ActiveCfg = Release|Any CPU
		{C33FAC7F-1E3A-4314-9174-92D83479F6A7}.Release|Any CPU.Build.0 = Release|Any CPU
		{46EE9137-3AAF-49BA-9B59-F4951A7A63C4}.Debug|Any CPU.ActiveCfg = Debug|Any CPU
		{46EE9137-3AAF-49BA-9B59-F4951A7A63C4}.Debug|Any CPU.Build.0 = Debug|Any CPU
		{46EE9137-3AAF-49BA-9B59-F4951A7A63C4}.Release|Any CPU.ActiveCfg = Release|Any CPU
		{46EE9137-3AAF-49BA-9B59-F4951A7A63C4}.Release|Any CPU.Build.0 = Release|Any CPU
	EndGlobalSection
	GlobalSection(SolutionProperties) = preSolution
		HideSolutionNode = FALSE
	EndGlobalSection
	GlobalSection(NestedProjects) = preSolution
		{EB238DB3-254C-44E5-ACE6-EA9799070C97} = {CF99B3FF-7072-4300-AD12-BDECC8383973}
		{5ABE7CEF-C95C-4A8D-8462-768D4773C8BB} = {EB238DB3-254C-44E5-ACE6-EA9799070C97}
		{8D2F175C-B796-45DF-B4CE-55A12ADD8A1B} = {CF99B3FF-7072-4300-AD12-BDECC8383973}
		{438B44A5-4175-4DF0-959D-16469E6F7971} = {8D2F175C-B796-45DF-B4CE-55A12ADD8A1B}
		{6692860E-56DF-43C0-BBE9-725ECE6C3D86} = {8D2F175C-B796-45DF-B4CE-55A12ADD8A1B}
		{23900B97-0EBA-4CC7-8214-399E337AB689} = {CF99B3FF-7072-4300-AD12-BDECC8383973}
		{0E766928-5E6A-462F-B584-EA249A991302} = {23900B97-0EBA-4CC7-8214-399E337AB689}
		{4542C865-3459-4D5F-A43D-1CC6E06C2A57} = {23900B97-0EBA-4CC7-8214-399E337AB689}
		{785F1811-686F-45E2-B237-690F4F5BC654} = {B8744B69-6F34-44DF-85C9-5D8FEBF6504D}
		{6CD336DE-521C-4362-BF42-A635950B6A57} = {B8744B69-6F34-44DF-85C9-5D8FEBF6504D}
		{4BBC0867-0857-493D-9A65-6468E0BCC633} = {B8744B69-6F34-44DF-85C9-5D8FEBF6504D}
		{AD68254F-A613-479A-998E-1475DB0AAB9D} = {785F1811-686F-45E2-B237-690F4F5BC654}
		{7E5D5F6F-59F2-414E-9E59-13BA1A826309} = {6CD336DE-521C-4362-BF42-A635950B6A57}
		{E674F498-5857-44D8-9A53-5CAB24176CDD} = {6CD336DE-521C-4362-BF42-A635950B6A57}
		{FA8E7A79-2F8E-45C9-A1A3-69135910CEAA} = {4BBC0867-0857-493D-9A65-6468E0BCC633}
		{04BCBB92-B81A-49CF-A7A0-DC54016EFCB0} = {4BBC0867-0857-493D-9A65-6468E0BCC633}
		{C0DFDC27-5CE7-4E2B-8C34-9436F0AEA1B6} = {C51ADAAE-47DD-4F18-A622-9FDC9BFD595D}
		{2D3E81DD-A4B0-49F8-B6FC-3638BC6D960A} = {C51ADAAE-47DD-4F18-A622-9FDC9BFD595D}
		{E8CFA0FD-A5C3-4F5C-8BA4-DB090199D9E5} = {C51ADAAE-47DD-4F18-A622-9FDC9BFD595D}
		{FB1AC1A6-1777-471F-A99B-2E0AC8030664} = {2D3E81DD-A4B0-49F8-B6FC-3638BC6D960A}
		{08E6E5E1-1600-4C8B-9166-7B2EB20DCE96} = {2D3E81DD-A4B0-49F8-B6FC-3638BC6D960A}
		{322B1172-B272-4D9A-A174-8F3707370A44} = {E8CFA0FD-A5C3-4F5C-8BA4-DB090199D9E5}
		{60CF792C-77D8-4180-9CFE-738C32005490} = {E8CFA0FD-A5C3-4F5C-8BA4-DB090199D9E5}
		{756DE996-0410-4120-AB6C-1E2ED67AF652} = {C0DFDC27-5CE7-4E2B-8C34-9436F0AEA1B6}
		{21FB0E07-B83A-4109-93B4-BD1996AC25E3} = {46D9D658-971D-41D0-AD7B-A066B55718E4}
		{D0718E7B-3897-4E59-96B1-7EB63A948C67} = {46D9D658-971D-41D0-AD7B-A066B55718E4}
		{3E22AD26-505B-4136-BDA9-3186EC883D46} = {46D9D658-971D-41D0-AD7B-A066B55718E4}
		{A9D61386-E8B6-4986-AF55-0646F8BD4AFF} = {21FB0E07-B83A-4109-93B4-BD1996AC25E3}
		{F8B6CFCA-0096-4330-BCFF-91749A63C396} = {D0718E7B-3897-4E59-96B1-7EB63A948C67}
		{4361CFF6-6409-41AC-957B-24DCB655E6CD} = {D0718E7B-3897-4E59-96B1-7EB63A948C67}
		{79141A84-20E6-4A95-9FB8-83436AE379EE} = {3E22AD26-505B-4136-BDA9-3186EC883D46}
		{4A49FE1F-9C43-4C33-87C0-4BC09A7A4A01} = {3E22AD26-505B-4136-BDA9-3186EC883D46}
		{2F1837AD-CC9E-4656-AE3E-1F4FB06EB288} = {770F9DFD-7A2D-4572-A44A-0F2346E1D401}
		{FA6D3C08-CF13-41AB-AA91-0C9EA818FC84} = {770F9DFD-7A2D-4572-A44A-0F2346E1D401}
		{3EDC7261-0F63-4EB9-8FBF-142F5E5F07DB} = {770F9DFD-7A2D-4572-A44A-0F2346E1D401}
		{DB2E4078-33BE-43D7-A461-E5270FA52BA8} = {2F1837AD-CC9E-4656-AE3E-1F4FB06EB288}
		{7B74CD9C-DDE9-41D4-A863-DBAD3F0C3FD0} = {FA6D3C08-CF13-41AB-AA91-0C9EA818FC84}
		{2127CDF1-65F1-4984-B943-49B321811289} = {FA6D3C08-CF13-41AB-AA91-0C9EA818FC84}
		{EED4B408-0A80-4EE9-9A0E-9793C1219BC8} = {3EDC7261-0F63-4EB9-8FBF-142F5E5F07DB}
		{4107523F-74F0-469A-B0B6-E0DFC6A2AF34} = {3EDC7261-0F63-4EB9-8FBF-142F5E5F07DB}
		{020B3EDE-D02D-4F79-B568-1BF2AE704F8C} = {FFE580A7-3A39-4C29-A489-C623A2EF8CC6}
		{5BF5F606-8918-4FAD-8F9B-D5EB5AE5098F} = {FFE580A7-3A39-4C29-A489-C623A2EF8CC6}
		{B8F9B6BB-7588-442D-8491-EF748998481F} = {FFE580A7-3A39-4C29-A489-C623A2EF8CC6}
		{765A35E8-F56C-49BD-B8DD-B8AAE2838A5D} = {020B3EDE-D02D-4F79-B568-1BF2AE704F8C}
		{16F09B58-9FD0-4238-BEC6-4DAA04AD31C0} = {5BF5F606-8918-4FAD-8F9B-D5EB5AE5098F}
		{4645533C-37A4-454D-B705-BABD30325FEC} = {5BF5F606-8918-4FAD-8F9B-D5EB5AE5098F}
		{CBB36EE5-9693-4285-8CF4-6741306A745A} = {B8F9B6BB-7588-442D-8491-EF748998481F}
		{C33FAC7F-1E3A-4314-9174-92D83479F6A7} = {B8F9B6BB-7588-442D-8491-EF748998481F}
		{46EE9137-3AAF-49BA-9B59-F4951A7A63C4} = {23900B97-0EBA-4CC7-8214-399E337AB689}
	EndGlobalSection
	GlobalSection(ExtensibilityGlobals) = postSolution
		SolutionGuid = {188BD357-8AF9-4107-ABB9-8713CCAA95C4}
	EndGlobalSection
EndGlobal
