
Microsoft Visual Studio Solution File, Format Version 12.00
# Visual Studio Version 16
VisualStudioVersion = 16.0.31005.135
MinimumVisualStudioVersion = 10.0.40219.1
Project("{2150E333-8FDC-42A3-9474-1A3956D46DE8}") = "ShopManagement", "ShopManagement", "{CF99B3FF-7072-4300-AD12-BDECC8383973}"
EndProject
Project("{2150E333-8FDC-42A3-9474-1A3956D46DE8}") = "SM.Domain", "SM.Domain", "{EB238DB3-254C-44E5-ACE6-EA9799070C97}"
EndProject
Project("{9A19103F-16F7-4668-BE54-9A1E7A4F7556}") = "ShopManagement.Domain", "ShopManagement.Domain\ShopManagement.Domain.csproj", "{5ABE7CEF-C95C-4A8D-8462-768D4773C8BB}"
EndProject
Project("{2150E333-8FDC-42A3-9474-1A3956D46DE8}") = "SM.Application", "SM.Application", "{8D2F175C-B796-45DF-B4CE-55A12ADD8A1B}"
EndProject
Project("{9A19103F-16F7-4668-BE54-9A1E7A4F7556}") = "ShopManagement.Application.Contract", "ShopManagement.Application.Contracts\ShopManagement.Application.Contract.csproj", "{438B44A5-4175-4DF0-959D-16469E6F7971}"
EndProject
Project("{9A19103F-16F7-4668-BE54-9A1E7A4F7556}") = "ShopManagement.Application", "ShopManagement.Application\ShopManagement.Application.csproj", "{6692860E-56DF-43C0-BBE9-725ECE6C3D86}"
EndProject
Project("{2150E333-8FDC-42A3-9474-1A3956D46DE8}") = "SM.Infrastructure", "SM.Infrastructure", "{23900B97-0EBA-4CC7-8214-399E337AB689}"
EndProject
Project("{9A19103F-16F7-4668-BE54-9A1E7A4F7556}") = "ShopManagement.Infrastructure.EFCore", "ShopManagement.Infrastructure.EFCore\ShopManagement.Infrastructure.EFCore.csproj", "{0E766928-5E6A-462F-B584-EA249A991302}"
EndProject
Project("{9A19103F-16F7-4668-BE54-9A1E7A4F7556}") = "0_Framework", "0_Framework\0_Framework.csproj", "{ADC7933D-D79D-4CD3-9FC1-30A2FCF06029}"
EndProject
Project("{9A19103F-16F7-4668-BE54-9A1E7A4F7556}") = "ShopManagement.Configuration", "ShopManagement.Configuration\ShopManagement.Configuration.csproj", "{4542C865-3459-4D5F-A43D-1CC6E06C2A57}"
EndProject
Project("{9A19103F-16F7-4668-BE54-9A1E7A4F7556}") = "ServiceHost", "ServiceHost\ServiceHost.csproj", "{27BA9DDD-C6E6-45B9-A63B-01E6DB3E3750}"
EndProject
Project("{9A19103F-16F7-4668-BE54-9A1E7A4F7556}") = "01_Query", "01_Query\01_Query.csproj", "{3CBA699F-D2C3-4FEA-A2B7-BA36881126D9}"
EndProject
Project("{2150E333-8FDC-42A3-9474-1A3956D46DE8}") = "DiscountManagement", "DiscountManagement", "{B8744B69-6F34-44DF-85C9-5D8FEBF6504D}"
EndProject
Project("{2150E333-8FDC-42A3-9474-1A3956D46DE8}") = "DM.Domain", "DM.Domain", "{785F1811-686F-45E2-B237-690F4F5BC654}"
EndProject
Project("{2150E333-8FDC-42A3-9474-1A3956D46DE8}") = "DM.Application", "DM.Application", "{6CD336DE-521C-4362-BF42-A635950B6A57}"
EndProject
Project("{2150E333-8FDC-42A3-9474-1A3956D46DE8}") = "DM.Infrastructure", "DM.Infrastructure", "{4BBC0867-0857-493D-9A65-6468E0BCC633}"
EndProject
Project("{FAE04EC0-301F-11D3-BF4B-00C04F79EFBC}") = "DiscountManagement.Domain", "DiscountManagement.Domain\DiscountManagement.Domain.csproj", "{AD68254F-A613-479A-998E-1475DB0AAB9D}"
EndProject
Project("{FAE04EC0-301F-11D3-BF4B-00C04F79EFBC}") = "DiscountManagement.Application.Contract", "DiscountManagement.Application.Contract\DiscountManagement.Application.Contract.csproj", "{7E5D5F6F-59F2-414E-9E59-13BA1A826309}"
EndProject
Project("{FAE04EC0-301F-11D3-BF4B-00C04F79EFBC}") = "DiscountManagement.Application", "DiscountManagement.Application\DiscountManagement.Application.csproj", "{E674F498-5857-44D8-9A53-5CAB24176CDD}"
EndProject
Project("{FAE04EC0-301F-11D3-BF4B-00C04F79EFBC}") = "DiscountManagement.Infrastructure.EFCore", "DiscountManagement.Infrastructure.EFCore\DiscountManagement.Infrastructure.EFCore.csproj", "{FA8E7A79-2F8E-45C9-A1A3-69135910CEAA}"
EndProject
Project("{FAE04EC0-301F-11D3-BF4B-00C04F79EFBC}") = "DiscountManagement.Configuration", "DiscountManagement.Configure\DiscountManagement.Configuration.csproj", "{04BCBB92-B81A-49CF-A7A0-DC54016EFCB0}"
EndProject
Project("{2150E333-8FDC-42A3-9474-1A3956D46DE8}") = "InventoryManagement", "InventoryManagement", "{C51ADAAE-47DD-4F18-A622-9FDC9BFD595D}"
EndProject
Project("{2150E333-8FDC-42A3-9474-1A3956D46DE8}") = "IM.Domain", "IM.Domain", "{C0DFDC27-5CE7-4E2B-8C34-9436F0AEA1B6}"
EndProject
Project("{2150E333-8FDC-42A3-9474-1A3956D46DE8}") = "IM.Application", "IM.Application", "{2D3E81DD-A4B0-49F8-B6FC-3638BC6D960A}"
EndProject
Project("{2150E333-8FDC-42A3-9474-1A3956D46DE8}") = "IM.Infrastructure", "IM.Infrastructure", "{E8CFA0FD-A5C3-4F5C-8BA4-DB090199D9E5}"
EndProject
Project("{FAE04EC0-301F-11D3-BF4B-00C04F79EFBC}") = "InventoryManagement.Application.Contract", "InventoryManagement.Application.Contract\InventoryManagement.Application.Contract.csproj", "{FB1AC1A6-1777-471F-A99B-2E0AC8030664}"
EndProject
Project("{FAE04EC0-301F-11D3-BF4B-00C04F79EFBC}") = "InventoryManagement.Application", "InventoryManagement.Application\InventoryManagement.Application.csproj", "{08E6E5E1-1600-4C8B-9166-7B2EB20DCE96}"
EndProject
Project("{FAE04EC0-301F-11D3-BF4B-00C04F79EFBC}") = "InventoryManagement.Infrastructure.EFCore", "InventoryManagement.Infrastructure.EFCore\InventoryManagement.Infrastructure.EFCore.csproj", "{322B1172-B272-4D9A-A174-8F3707370A44}"
EndProject
Project("{FAE04EC0-301F-11D3-BF4B-00C04F79EFBC}") = "InventoryManagement.Configuration", "InventoryManagement.Configuration\InventoryManagement.Configuration.csproj", "{60CF792C-77D8-4180-9CFE-738C32005490}"
EndProject
Project("{FAE04EC0-301F-11D3-BF4B-00C04F79EFBC}") = "InventoryManagement.Domain", "InventoryManagement.Domain\InventoryManagement.Domain.csproj", "{756DE996-0410-4120-AB6C-1E2ED67AF652}"
EndProject
Global
	GlobalSection(SolutionConfigurationPlatforms) = preSolution
		Debug|Any CPU = Debug|Any CPU
		Release|Any CPU = Release|Any CPU
	EndGlobalSection
	GlobalSection(ProjectConfigurationPlatforms) = postSolution
		{5ABE7CEF-C95C-4A8D-8462-768D4773C8BB}.Debug|Any CPU.ActiveCfg = Debug|Any CPU
		{5ABE7CEF-C95C-4A8D-8462-768D4773C8BB}.Debug|Any CPU.Build.0 = Debug|Any CPU
		{5ABE7CEF-C95C-4A8D-8462-768D4773C8BB}.Release|Any CPU.ActiveCfg = Release|Any CPU
		{5ABE7CEF-C95C-4A8D-8462-768D4773C8BB}.Release|Any CPU.Build.0 = Release|Any CPU
		{438B44A5-4175-4DF0-959D-16469E6F7971}.Debug|Any CPU.ActiveCfg = Debug|Any CPU
		{438B44A5-4175-4DF0-959D-16469E6F7971}.Debug|Any CPU.Build.0 = Debug|Any CPU
		{438B44A5-4175-4DF0-959D-16469E6F7971}.Release|Any CPU.ActiveCfg = Release|Any CPU
		{438B44A5-4175-4DF0-959D-16469E6F7971}.Release|Any CPU.Build.0 = Release|Any CPU
		{6692860E-56DF-43C0-BBE9-725ECE6C3D86}.Debug|Any CPU.ActiveCfg = Debug|Any CPU
		{6692860E-56DF-43C0-BBE9-725ECE6C3D86}.Debug|Any CPU.Build.0 = Debug|Any CPU
		{6692860E-56DF-43C0-BBE9-725ECE6C3D86}.Release|Any CPU.ActiveCfg = Release|Any CPU
		{6692860E-56DF-43C0-BBE9-725ECE6C3D86}.Release|Any CPU.Build.0 = Release|Any CPU
		{0E766928-5E6A-462F-B584-EA249A991302}.Debug|Any CPU.ActiveCfg = Debug|Any CPU
		{0E766928-5E6A-462F-B584-EA249A991302}.Debug|Any CPU.Build.0 = Debug|Any CPU
		{0E766928-5E6A-462F-B584-EA249A991302}.Release|Any CPU.ActiveCfg = Release|Any CPU
		{0E766928-5E6A-462F-B584-EA249A991302}.Release|Any CPU.Build.0 = Release|Any CPU
		{ADC7933D-D79D-4CD3-9FC1-30A2FCF06029}.Debug|Any CPU.ActiveCfg = Debug|Any CPU
		{ADC7933D-D79D-4CD3-9FC1-30A2FCF06029}.Debug|Any CPU.Build.0 = Debug|Any CPU
		{ADC7933D-D79D-4CD3-9FC1-30A2FCF06029}.Release|Any CPU.ActiveCfg = Release|Any CPU
		{ADC7933D-D79D-4CD3-9FC1-30A2FCF06029}.Release|Any CPU.Build.0 = Release|Any CPU
		{4542C865-3459-4D5F-A43D-1CC6E06C2A57}.Debug|Any CPU.ActiveCfg = Debug|Any CPU
		{4542C865-3459-4D5F-A43D-1CC6E06C2A57}.Debug|Any CPU.Build.0 = Debug|Any CPU
		{4542C865-3459-4D5F-A43D-1CC6E06C2A57}.Release|Any CPU.ActiveCfg = Release|Any CPU
		{4542C865-3459-4D5F-A43D-1CC6E06C2A57}.Release|Any CPU.Build.0 = Release|Any CPU
		{27BA9DDD-C6E6-45B9-A63B-01E6DB3E3750}.Debug|Any CPU.ActiveCfg = Debug|Any CPU
		{27BA9DDD-C6E6-45B9-A63B-01E6DB3E3750}.Debug|Any CPU.Build.0 = Debug|Any CPU
		{27BA9DDD-C6E6-45B9-A63B-01E6DB3E3750}.Release|Any CPU.ActiveCfg = Release|Any CPU
		{27BA9DDD-C6E6-45B9-A63B-01E6DB3E3750}.Release|Any CPU.Build.0 = Release|Any CPU
		{3CBA699F-D2C3-4FEA-A2B7-BA36881126D9}.Debug|Any CPU.ActiveCfg = Debug|Any CPU
		{3CBA699F-D2C3-4FEA-A2B7-BA36881126D9}.Debug|Any CPU.Build.0 = Debug|Any CPU
		{3CBA699F-D2C3-4FEA-A2B7-BA36881126D9}.Release|Any CPU.ActiveCfg = Release|Any CPU
		{3CBA699F-D2C3-4FEA-A2B7-BA36881126D9}.Release|Any CPU.Build.0 = Release|Any CPU
		{AD68254F-A613-479A-998E-1475DB0AAB9D}.Debug|Any CPU.ActiveCfg = Debug|Any CPU
		{AD68254F-A613-479A-998E-1475DB0AAB9D}.Debug|Any CPU.Build.0 = Debug|Any CPU
		{AD68254F-A613-479A-998E-1475DB0AAB9D}.Release|Any CPU.ActiveCfg = Release|Any CPU
		{AD68254F-A613-479A-998E-1475DB0AAB9D}.Release|Any CPU.Build.0 = Release|Any CPU
		{7E5D5F6F-59F2-414E-9E59-13BA1A826309}.Debug|Any CPU.ActiveCfg = Debug|Any CPU
		{7E5D5F6F-59F2-414E-9E59-13BA1A826309}.Debug|Any CPU.Build.0 = Debug|Any CPU
		{7E5D5F6F-59F2-414E-9E59-13BA1A826309}.Release|Any CPU.ActiveCfg = Release|Any CPU
		{7E5D5F6F-59F2-414E-9E59-13BA1A826309}.Release|Any CPU.Build.0 = Release|Any CPU
		{E674F498-5857-44D8-9A53-5CAB24176CDD}.Debug|Any CPU.ActiveCfg = Debug|Any CPU
		{E674F498-5857-44D8-9A53-5CAB24176CDD}.Debug|Any CPU.Build.0 = Debug|Any CPU
		{E674F498-5857-44D8-9A53-5CAB24176CDD}.Release|Any CPU.ActiveCfg = Release|Any CPU
		{E674F498-5857-44D8-9A53-5CAB24176CDD}.Release|Any CPU.Build.0 = Release|Any CPU
		{FA8E7A79-2F8E-45C9-A1A3-69135910CEAA}.Debug|Any CPU.ActiveCfg = Debug|Any CPU
		{FA8E7A79-2F8E-45C9-A1A3-69135910CEAA}.Debug|Any CPU.Build.0 = Debug|Any CPU
		{FA8E7A79-2F8E-45C9-A1A3-69135910CEAA}.Release|Any CPU.ActiveCfg = Release|Any CPU
		{FA8E7A79-2F8E-45C9-A1A3-69135910CEAA}.Release|Any CPU.Build.0 = Release|Any CPU
		{04BCBB92-B81A-49CF-A7A0-DC54016EFCB0}.Debug|Any CPU.ActiveCfg = Debug|Any CPU
		{04BCBB92-B81A-49CF-A7A0-DC54016EFCB0}.Debug|Any CPU.Build.0 = Debug|Any CPU
		{04BCBB92-B81A-49CF-A7A0-DC54016EFCB0}.Release|Any CPU.ActiveCfg = Release|Any CPU
		{04BCBB92-B81A-49CF-A7A0-DC54016EFCB0}.Release|Any CPU.Build.0 = Release|Any CPU
		{FB1AC1A6-1777-471F-A99B-2E0AC8030664}.Debug|Any CPU.ActiveCfg = Debug|Any CPU
		{FB1AC1A6-1777-471F-A99B-2E0AC8030664}.Debug|Any CPU.Build.0 = Debug|Any CPU
		{FB1AC1A6-1777-471F-A99B-2E0AC8030664}.Release|Any CPU.ActiveCfg = Release|Any CPU
		{FB1AC1A6-1777-471F-A99B-2E0AC8030664}.Release|Any CPU.Build.0 = Release|Any CPU
		{08E6E5E1-1600-4C8B-9166-7B2EB20DCE96}.Debug|Any CPU.ActiveCfg = Debug|Any CPU
		{08E6E5E1-1600-4C8B-9166-7B2EB20DCE96}.Debug|Any CPU.Build.0 = Debug|Any CPU
		{08E6E5E1-1600-4C8B-9166-7B2EB20DCE96}.Release|Any CPU.ActiveCfg = Release|Any CPU
		{08E6E5E1-1600-4C8B-9166-7B2EB20DCE96}.Release|Any CPU.Build.0 = Release|Any CPU
		{322B1172-B272-4D9A-A174-8F3707370A44}.Debug|Any CPU.ActiveCfg = Debug|Any CPU
		{322B1172-B272-4D9A-A174-8F3707370A44}.Debug|Any CPU.Build.0 = Debug|Any CPU
		{322B1172-B272-4D9A-A174-8F3707370A44}.Release|Any CPU.ActiveCfg = Release|Any CPU
		{322B1172-B272-4D9A-A174-8F3707370A44}.Release|Any CPU.Build.0 = Release|Any CPU
		{60CF792C-77D8-4180-9CFE-738C32005490}.Debug|Any CPU.ActiveCfg = Debug|Any CPU
		{60CF792C-77D8-4180-9CFE-738C32005490}.Debug|Any CPU.Build.0 = Debug|Any CPU
		{60CF792C-77D8-4180-9CFE-738C32005490}.Release|Any CPU.ActiveCfg = Release|Any CPU
		{60CF792C-77D8-4180-9CFE-738C32005490}.Release|Any CPU.Build.0 = Release|Any CPU
		{756DE996-0410-4120-AB6C-1E2ED67AF652}.Debug|Any CPU.ActiveCfg = Debug|Any CPU
		{756DE996-0410-4120-AB6C-1E2ED67AF652}.Debug|Any CPU.Build.0 = Debug|Any CPU
		{756DE996-0410-4120-AB6C-1E2ED67AF652}.Release|Any CPU.ActiveCfg = Release|Any CPU
		{756DE996-0410-4120-AB6C-1E2ED67AF652}.Release|Any CPU.Build.0 = Release|Any CPU
	EndGlobalSection
	GlobalSection(SolutionProperties) = preSolution
		HideSolutionNode = FALSE
	EndGlobalSection
	GlobalSection(NestedProjects) = preSolution
		{EB238DB3-254C-44E5-ACE6-EA9799070C97} = {CF99B3FF-7072-4300-AD12-BDECC8383973}
		{5ABE7CEF-C95C-4A8D-8462-768D4773C8BB} = {EB238DB3-254C-44E5-ACE6-EA9799070C97}
		{8D2F175C-B796-45DF-B4CE-55A12ADD8A1B} = {CF99B3FF-7072-4300-AD12-BDECC8383973}
		{438B44A5-4175-4DF0-959D-16469E6F7971} = {8D2F175C-B796-45DF-B4CE-55A12ADD8A1B}
		{6692860E-56DF-43C0-BBE9-725ECE6C3D86} = {8D2F175C-B796-45DF-B4CE-55A12ADD8A1B}
		{23900B97-0EBA-4CC7-8214-399E337AB689} = {CF99B3FF-7072-4300-AD12-BDECC8383973}
		{0E766928-5E6A-462F-B584-EA249A991302} = {23900B97-0EBA-4CC7-8214-399E337AB689}
		{4542C865-3459-4D5F-A43D-1CC6E06C2A57} = {23900B97-0EBA-4CC7-8214-399E337AB689}
		{785F1811-686F-45E2-B237-690F4F5BC654} = {B8744B69-6F34-44DF-85C9-5D8FEBF6504D}
		{6CD336DE-521C-4362-BF42-A635950B6A57} = {B8744B69-6F34-44DF-85C9-5D8FEBF6504D}
		{4BBC0867-0857-493D-9A65-6468E0BCC633} = {B8744B69-6F34-44DF-85C9-5D8FEBF6504D}
		{AD68254F-A613-479A-998E-1475DB0AAB9D} = {785F1811-686F-45E2-B237-690F4F5BC654}
		{7E5D5F6F-59F2-414E-9E59-13BA1A826309} = {6CD336DE-521C-4362-BF42-A635950B6A57}
		{E674F498-5857-44D8-9A53-5CAB24176CDD} = {6CD336DE-521C-4362-BF42-A635950B6A57}
		{FA8E7A79-2F8E-45C9-A1A3-69135910CEAA} = {4BBC0867-0857-493D-9A65-6468E0BCC633}
		{04BCBB92-B81A-49CF-A7A0-DC54016EFCB0} = {4BBC0867-0857-493D-9A65-6468E0BCC633}
		{C0DFDC27-5CE7-4E2B-8C34-9436F0AEA1B6} = {C51ADAAE-47DD-4F18-A622-9FDC9BFD595D}
		{2D3E81DD-A4B0-49F8-B6FC-3638BC6D960A} = {C51ADAAE-47DD-4F18-A622-9FDC9BFD595D}
		{E8CFA0FD-A5C3-4F5C-8BA4-DB090199D9E5} = {C51ADAAE-47DD-4F18-A622-9FDC9BFD595D}
		{FB1AC1A6-1777-471F-A99B-2E0AC8030664} = {2D3E81DD-A4B0-49F8-B6FC-3638BC6D960A}
		{08E6E5E1-1600-4C8B-9166-7B2EB20DCE96} = {2D3E81DD-A4B0-49F8-B6FC-3638BC6D960A}
		{322B1172-B272-4D9A-A174-8F3707370A44} = {E8CFA0FD-A5C3-4F5C-8BA4-DB090199D9E5}
		{60CF792C-77D8-4180-9CFE-738C32005490} = {E8CFA0FD-A5C3-4F5C-8BA4-DB090199D9E5}
		{756DE996-0410-4120-AB6C-1E2ED67AF652} = {C0DFDC27-5CE7-4E2B-8C34-9436F0AEA1B6}
	EndGlobalSection
	GlobalSection(ExtensibilityGlobals) = postSolution
		SolutionGuid = {188BD357-8AF9-4107-ABB9-8713CCAA95C4}
	EndGlobalSection
EndGlobal
